{
  "pins" : [
    {
      "identity" : "wwfloatingview",
      "kind" : "remoteSourceControl",
      "location" : "https://github.com/William-Weng/WWFloatingView.git",
      "state" : {
        "revision" : "d6d0a93f0bc9e14f8f3804514c465fd19aed350a",
        "version" : "1.1.1"
      }
    },
    {
      "identity" : "wwprint",
      "kind" : "remoteSourceControl",
      "location" : "https://github.com/William-Weng/WWPrint",
      "state" : {
        "revision" : "6b70fabaa1dbeac95b224384819e231a1220900a",
        "version" : "1.2.0"
      }
    }
  ],
  "version" : 2
}
