{
  "pins" : [
    {
      "identity" : "wwfloatingview",
      "kind" : "remoteSourceControl",
      "location" : "https://github.com/William-Weng/WWFloatingView.git",
      "state" : {
        "revision" : "4150aa0a93aee52da6e1449fc22b6687bebacd51",
        "version" : "1.0.0"
      }
    },
    {
      "identity" : "wwprint",
      "kind" : "remoteSourceControl",
      "location" : "https://github.com/William-Weng/WWPrint",
      "state" : {
        "revision" : "e1f455ca59b652441954e64dd468fbe0f0f893cc",
        "version" : "1.1.0"
      }
    }
  ],
  "version" : 2
}
